
Microsoft Visual Studio Solution File, Format Version 12.00
# Visual Studio 15
Project("{FAE04EC0-301F-11D3-BF4B-00C04F79EFBC}") = "Assembly-CSharp", "Assembly-CSharp.csproj", "{9E340458-19E6-9B92-AC24-FF0A6758D16A}"
EndProject
Global
	GlobalSection(SolutionConfigurationPlatforms) = preSolution
		Debug|Any CPU = Debug|Any CPU
		Release|Any CPU = Release|Any CPU
	EndGlobalSection
	GlobalSection(ProjectConfigurationPlatforms) = postSolution
		{9E340458-19E6-9B92-AC24-FF0A6758D16A}.Debug|Any CPU.ActiveCfg = Debug|Any CPU
		{9E340458-19E6-9B92-AC24-FF0A6758D16A}.Debug|Any CPU.Build.0 = Debug|Any CPU
		{9E340458-19E6-9B92-AC24-FF0A6758D16A}.Release|Any CPU.ActiveCfg = Release|Any CPU
		{9E340458-19E6-9B92-AC24-FF0A6758D16A}.Release|Any CPU.Build.0 = Release|Any CPU
	EndGlobalSection
	GlobalSection(SolutionProperties) = preSolution
		HideSolutionNode = FALSE
	EndGlobalSection
EndGlobal
